
Microsoft Visual Studio Solution File, Format Version 12.00
# Visual Studio Version 16
VisualStudioVersion = 16.0.29201.188
MinimumVisualStudioVersion = 10.0.40219.1
Project("{FAE04EC0-301F-11D3-BF4B-00C04F79EFBC}") = "ConsoleApp11", "ConsoleApp11.csproj", "{8584903F-02A5-421D-ADE2-EB35E13FAA13}"
EndProject
Global
	GlobalSection(SolutionConfigurationPlatforms) = preSolution
		Debug|Any CPU = Debug|Any CPU
		Release|Any CPU = Release|Any CPU
	EndGlobalSection
	GlobalSection(ProjectConfigurationPlatforms) = postSolution
		{8584903F-02A5-421D-ADE2-EB35E13FAA13}.Debug|Any CPU.ActiveCfg = Debug|Any CPU
		{8584903F-02A5-421D-ADE2-EB35E13FAA13}.Debug|Any CPU.Build.0 = Debug|Any CPU
		{8584903F-02A5-421D-ADE2-EB35E13FAA13}.Release|Any CPU.ActiveCfg = Release|Any CPU
		{8584903F-02A5-421D-ADE2-EB35E13FAA13}.Release|Any CPU.Build.0 = Release|Any CPU
	EndGlobalSection
	GlobalSection(SolutionProperties) = preSolution
		HideSolutionNode = FALSE
	EndGlobalSection
	GlobalSection(ExtensibilityGlobals) = postSolution
		SolutionGuid = {10BC370A-A035-46FB-9D4D-C53CE606F693}
	EndGlobalSection
EndGlobal
